// !$*UTF8*$!
{
	archiveVersion = 1;
	classes = {
	};
	objectVersion = 50;
	objects = {

/* Begin PBXBuildFile section */
		8D55B38624CEF65400C37EBE /* main.swift in Sources */ = {isa = PBXBuildFile; fileRef = 8D55B38524CEF65400C37EBE /* main.swift */; };
		8D55B38B24CF123400C37EBE /* small-input.txt in CopyFiles */ = {isa = PBXBuildFile; fileRef = 8D55B38A24CEFA4100C37EBE /* small-input.txt */; };
		8D55B38D24CF14BA00C37EBE /* large-input.txt in CopyFiles */ = {isa = PBXBuildFile; fileRef = 8D55B38C24CF14AA00C37EBE /* large-input.txt */; };
		8D55B39524CF166100C37EBE /* main.swift in Sources */ = {isa = PBXBuildFile; fileRef = 8D55B39424CF166100C37EBE /* main.swift */; };
		8D55B39B24CF16BA00C37EBE /* small-input.txt in CopyFiles */ = {isa = PBXBuildFile; fileRef = 8D55B39A24CF16A300C37EBE /* small-input.txt */; };
		8D9EFEA524CF2BB500D05156 /* large-input.txt in CopyFiles */ = {isa = PBXBuildFile; fileRef = 8D9EFEA424CF2BA000D05156 /* large-input.txt */; };
		8D9EFEAD24CF2C4600D05156 /* main.swift in Sources */ = {isa = PBXBuildFile; fileRef = 8D9EFEAC24CF2C4600D05156 /* main.swift */; };
		8D9EFEB224CF301C00D05156 /* small-input.txt in CopyFiles */ = {isa = PBXBuildFile; fileRef = 8D9EFEB124CF2C5D00D05156 /* small-input.txt */; };
/* End PBXBuildFile section */

/* Begin PBXCopyFilesBuildPhase section */
		8D55B38124CEF65400C37EBE /* CopyFiles */ = {
			isa = PBXCopyFilesBuildPhase;
			buildActionMask = 12;
			dstPath = "";
			dstSubfolderSpec = 16;
			files = (
				8D55B38D24CF14BA00C37EBE /* large-input.txt in CopyFiles */,
				8D55B38B24CF123400C37EBE /* small-input.txt in CopyFiles */,
			);
			runOnlyForDeploymentPostprocessing = 0;
		};
		8D55B39024CF166100C37EBE /* CopyFiles */ = {
			isa = PBXCopyFilesBuildPhase;
			buildActionMask = 12;
			dstPath = "";
			dstSubfolderSpec = 16;
			files = (
				8D9EFEA524CF2BB500D05156 /* large-input.txt in CopyFiles */,
				8D55B39B24CF16BA00C37EBE /* small-input.txt in CopyFiles */,
			);
			runOnlyForDeploymentPostprocessing = 0;
		};
		8D9EFEA824CF2C4600D05156 /* CopyFiles */ = {
			isa = PBXCopyFilesBuildPhase;
			buildActionMask = 12;
			dstPath = "";
			dstSubfolderSpec = 16;
			files = (
				8D9EFEB224CF301C00D05156 /* small-input.txt in CopyFiles */,
			);
			runOnlyForDeploymentPostprocessing = 0;
		};
/* End PBXCopyFilesBuildPhase section */

/* Begin PBXFileReference section */
		8D55B38324CEF65400C37EBE /* TravelRestrictions */ = {isa = PBXFileReference; explicitFileType = "compiled.mach-o.executable"; includeInIndex = 0; path = TravelRestrictions; sourceTree = BUILT_PRODUCTS_DIR; };
		8D55B38524CEF65400C37EBE /* main.swift */ = {isa = PBXFileReference; lastKnownFileType = sourcecode.swift; path = main.swift; sourceTree = "<group>"; };
		8D55B38A24CEFA4100C37EBE /* small-input.txt */ = {isa = PBXFileReference; lastKnownFileType = text; path = "small-input.txt"; sourceTree = "<group>"; };
		8D55B38C24CF14AA00C37EBE /* large-input.txt */ = {isa = PBXFileReference; fileEncoding = 4; lastKnownFileType = text; path = "large-input.txt"; sourceTree = "<group>"; };
		8D55B39224CF166100C37EBE /* Alchemy */ = {isa = PBXFileReference; explicitFileType = "compiled.mach-o.executable"; includeInIndex = 0; path = Alchemy; sourceTree = BUILT_PRODUCTS_DIR; };
		8D55B39424CF166100C37EBE /* main.swift */ = {isa = PBXFileReference; lastKnownFileType = sourcecode.swift; path = main.swift; sourceTree = "<group>"; };
		8D55B39A24CF16A300C37EBE /* small-input.txt */ = {isa = PBXFileReference; fileEncoding = 4; lastKnownFileType = text; path = "small-input.txt"; sourceTree = "<group>"; };
		8D9EFEA424CF2BA000D05156 /* large-input.txt */ = {isa = PBXFileReference; fileEncoding = 4; lastKnownFileType = text; path = "large-input.txt"; sourceTree = "<group>"; };
		8D9EFEAA24CF2C4600D05156 /* Timber */ = {isa = PBXFileReference; explicitFileType = "compiled.mach-o.executable"; includeInIndex = 0; path = Timber; sourceTree = BUILT_PRODUCTS_DIR; };
		8D9EFEAC24CF2C4600D05156 /* main.swift */ = {isa = PBXFileReference; lastKnownFileType = sourcecode.swift; path = main.swift; sourceTree = "<group>"; };
		8D9EFEB124CF2C5D00D05156 /* small-input.txt */ = {isa = PBXFileReference; fileEncoding = 4; lastKnownFileType = text; path = "small-input.txt"; sourceTree = "<group>"; };
/* End PBXFileReference section */

/* Begin PBXFrameworksBuildPhase section */
		8D55B38024CEF65400C37EBE /* Frameworks */ = {
			isa = PBXFrameworksBuildPhase;
			buildActionMask = 2147483647;
			files = (
			);
			runOnlyForDeploymentPostprocessing = 0;
		};
		8D55B38F24CF166100C37EBE /* Frameworks */ = {
			isa = PBXFrameworksBuildPhase;
			buildActionMask = 2147483647;
			files = (
			);
			runOnlyForDeploymentPostprocessing = 0;
		};
		8D9EFEA724CF2C4600D05156 /* Frameworks */ = {
			isa = PBXFrameworksBuildPhase;
			buildActionMask = 2147483647;
			files = (
			);
			runOnlyForDeploymentPostprocessing = 0;
		};
/* End PBXFrameworksBuildPhase section */

/* Begin PBXGroup section */
		8D55B36C24CEF62C00C37EBE = {
			isa = PBXGroup;
			children = (
				8D55B38424CEF65400C37EBE /* TravelRestrictions */,
				8D55B39324CF166100C37EBE /* Alchemy */,
				8D9EFEAB24CF2C4600D05156 /* Timber */,
				8D55B37624CEF62C00C37EBE /* Products */,
			);
			sourceTree = "<group>";
		};
		8D55B37624CEF62C00C37EBE /* Products */ = {
			isa = PBXGroup;
			children = (
				8D55B38324CEF65400C37EBE /* TravelRestrictions */,
				8D55B39224CF166100C37EBE /* Alchemy */,
				8D9EFEAA24CF2C4600D05156 /* Timber */,
			);
			name = Products;
			sourceTree = "<group>";
		};
		8D55B38424CEF65400C37EBE /* TravelRestrictions */ = {
			isa = PBXGroup;
			children = (
				8D55B38524CEF65400C37EBE /* main.swift */,
				8D55B38A24CEFA4100C37EBE /* small-input.txt */,
				8D55B38C24CF14AA00C37EBE /* large-input.txt */,
			);
			path = TravelRestrictions;
			sourceTree = "<group>";
		};
		8D55B39324CF166100C37EBE /* Alchemy */ = {
			isa = PBXGroup;
			children = (
				8D55B39424CF166100C37EBE /* main.swift */,
				8D55B39A24CF16A300C37EBE /* small-input.txt */,
				8D9EFEA424CF2BA000D05156 /* large-input.txt */,
			);
			path = Alchemy;
			sourceTree = "<group>";
		};
		8D9EFEAB24CF2C4600D05156 /* Timber */ = {
			isa = PBXGroup;
			children = (
				8D9EFEAC24CF2C4600D05156 /* main.swift */,
				8D9EFEB124CF2C5D00D05156 /* small-input.txt */,
			);
			path = Timber;
			sourceTree = "<group>";
		};
/* End PBXGroup section */

/* Begin PBXNativeTarget section */
		8D55B38224CEF65400C37EBE /* TravelRestrictions */ = {
			isa = PBXNativeTarget;
			buildConfigurationList = 8D55B38724CEF65400C37EBE /* Build configuration list for PBXNativeTarget "TravelRestrictions" */;
			buildPhases = (
				8D55B37F24CEF65400C37EBE /* Sources */,
				8D55B38024CEF65400C37EBE /* Frameworks */,
				8D55B38124CEF65400C37EBE /* CopyFiles */,
			);
			buildRules = (
			);
			dependencies = (
			);
			name = TravelRestrictions;
			productName = TravelRestrictions;
			productReference = 8D55B38324CEF65400C37EBE /* TravelRestrictions */;
			productType = "com.apple.product-type.tool";
		};
		8D55B39124CF166100C37EBE /* Alchemy */ = {
			isa = PBXNativeTarget;
			buildConfigurationList = 8D55B39624CF166100C37EBE /* Build configuration list for PBXNativeTarget "Alchemy" */;
			buildPhases = (
				8D55B38E24CF166100C37EBE /* Sources */,
				8D55B38F24CF166100C37EBE /* Frameworks */,
				8D55B39024CF166100C37EBE /* CopyFiles */,
			);
			buildRules = (
			);
			dependencies = (
			);
			name = Alchemy;
			productName = Alchemy;
			productReference = 8D55B39224CF166100C37EBE /* Alchemy */;
			productType = "com.apple.product-type.tool";
		};
		8D9EFEA924CF2C4600D05156 /* Timber */ = {
			isa = PBXNativeTarget;
			buildConfigurationList = 8D9EFEAE24CF2C4600D05156 /* Build configuration list for PBXNativeTarget "Timber" */;
			buildPhases = (
				8D9EFEA624CF2C4600D05156 /* Sources */,
				8D9EFEA724CF2C4600D05156 /* Frameworks */,
				8D9EFEA824CF2C4600D05156 /* CopyFiles */,
			);
			buildRules = (
			);
			dependencies = (
			);
			name = Timber;
			productName = Timber;
			productReference = 8D9EFEAA24CF2C4600D05156 /* Timber */;
			productType = "com.apple.product-type.tool";
		};
/* End PBXNativeTarget section */

/* Begin PBXProject section */
		8D55B36D24CEF62C00C37EBE /* Project object */ = {
			isa = PBXProject;
			attributes = {
				LastSwiftUpdateCheck = 1150;
				LastUpgradeCheck = 1150;
				TargetAttributes = {
					8D55B38224CEF65400C37EBE = {
						CreatedOnToolsVersion = 11.5;
					};
					8D55B39124CF166100C37EBE = {
						CreatedOnToolsVersion = 11.5;
					};
					8D9EFEA924CF2C4600D05156 = {
						CreatedOnToolsVersion = 11.5;
					};
				};
			};
			buildConfigurationList = 8D55B37024CEF62C00C37EBE /* Build configuration list for PBXProject "1-qualification-round" */;
			compatibilityVersion = "Xcode 9.3";
			developmentRegion = en;
			hasScannedForEncodings = 0;
			knownRegions = (
				en,
				Base,
			);
			mainGroup = 8D55B36C24CEF62C00C37EBE;
			productRefGroup = 8D55B37624CEF62C00C37EBE /* Products */;
			projectDirPath = "";
			projectRoot = "";
			targets = (
				8D55B38224CEF65400C37EBE /* TravelRestrictions */,
				8D55B39124CF166100C37EBE /* Alchemy */,
				8D9EFEA924CF2C4600D05156 /* Timber */,
			);
		};
/* End PBXProject section */

/* Begin PBXSourcesBuildPhase section */
		8D55B37F24CEF65400C37EBE /* Sources */ = {
			isa = PBXSourcesBuildPhase;
			buildActionMask = 2147483647;
			files = (
				8D55B38624CEF65400C37EBE /* main.swift in Sources */,
			);
			runOnlyForDeploymentPostprocessing = 0;
		};
		8D55B38E24CF166100C37EBE /* Sources */ = {
			isa = PBXSourcesBuildPhase;
			buildActionMask = 2147483647;
			files = (
				8D55B39524CF166100C37EBE /* main.swift in Sources */,
			);
			runOnlyForDeploymentPostprocessing = 0;
		};
		8D9EFEA624CF2C4600D05156 /* Sources */ = {
			isa = PBXSourcesBuildPhase;
			buildActionMask = 2147483647;
			files = (
				8D9EFEAD24CF2C4600D05156 /* main.swift in Sources */,
			);
			runOnlyForDeploymentPostprocessing = 0;
		};
/* End PBXSourcesBuildPhase section */

/* Begin XCBuildConfiguration section */
		8D55B37A24CEF62C00C37EBE /* Debug */ = {
			isa = XCBuildConfiguration;
			buildSettings = {
				ALWAYS_SEARCH_USER_PATHS = NO;
				CLANG_ANALYZER_NONNULL = YES;
				CLANG_ANALYZER_NUMBER_OBJECT_CONVERSION = YES_AGGRESSIVE;
				CLANG_CXX_LANGUAGE_STANDARD = "gnu++14";
				CLANG_CXX_LIBRARY = "libc++";
				CLANG_ENABLE_MODULES = YES;
				CLANG_ENABLE_OBJC_ARC = YES;
				CLANG_ENABLE_OBJC_WEAK = YES;
				CLANG_WARN_BLOCK_CAPTURE_AUTORELEASING = YES;
				CLANG_WARN_BOOL_CONVERSION = YES;
				CLANG_WARN_COMMA = YES;
				CLANG_WARN_CONSTANT_CONVERSION = YES;
				CLANG_WARN_DEPRECATED_OBJC_IMPLEMENTATIONS = YES;
				CLANG_WARN_DIRECT_OBJC_ISA_USAGE = YES_ERROR;
				CLANG_WARN_DOCUMENTATION_COMMENTS = YES;
				CLANG_WARN_EMPTY_BODY = YES;
				CLANG_WARN_ENUM_CONVERSION = YES;
				CLANG_WARN_INFINITE_RECURSION = YES;
				CLANG_WARN_INT_CONVERSION = YES;
				CLANG_WARN_NON_LITERAL_NULL_CONVERSION = YES;
				CLANG_WARN_OBJC_IMPLICIT_RETAIN_SELF = YES;
				CLANG_WARN_OBJC_LITERAL_CONVERSION = YES;
				CLANG_WARN_OBJC_ROOT_CLASS = YES_ERROR;
				CLANG_WARN_RANGE_LOOP_ANALYSIS = YES;
				CLANG_WARN_STRICT_PROTOTYPES = YES;
				CLANG_WARN_SUSPICIOUS_MOVE = YES;
				CLANG_WARN_UNGUARDED_AVAILABILITY = YES_AGGRESSIVE;
				CLANG_WARN_UNREACHABLE_CODE = YES;
				CLANG_WARN__DUPLICATE_METHOD_MATCH = YES;
				COPY_PHASE_STRIP = NO;
				DEBUG_INFORMATION_FORMAT = dwarf;
				ENABLE_STRICT_OBJC_MSGSEND = YES;
				ENABLE_TESTABILITY = YES;
				GCC_C_LANGUAGE_STANDARD = gnu11;
				GCC_DYNAMIC_NO_PIC = NO;
				GCC_NO_COMMON_BLOCKS = YES;
				GCC_OPTIMIZATION_LEVEL = 0;
				GCC_PREPROCESSOR_DEFINITIONS = (
					"DEBUG=1",
					"$(inherited)",
				);
				GCC_WARN_64_TO_32_BIT_CONVERSION = YES;
				GCC_WARN_ABOUT_RETURN_TYPE = YES_ERROR;
				GCC_WARN_UNDECLARED_SELECTOR = YES;
				GCC_WARN_UNINITIALIZED_AUTOS = YES_AGGRESSIVE;
				GCC_WARN_UNUSED_FUNCTION = YES;
				GCC_WARN_UNUSED_VARIABLE = YES;
				MACOSX_DEPLOYMENT_TARGET = 10.15;
				MTL_ENABLE_DEBUG_INFO = INCLUDE_SOURCE;
				MTL_FAST_MATH = YES;
				ONLY_ACTIVE_ARCH = YES;
				SDKROOT = macosx;
				SWIFT_ACTIVE_COMPILATION_CONDITIONS = DEBUG;
				SWIFT_OPTIMIZATION_LEVEL = "-Onone";
			};
			name = Debug;
		};
		8D55B37B24CEF62C00C37EBE /* Release */ = {
			isa = XCBuildConfiguration;
			buildSettings = {
				ALWAYS_SEARCH_USER_PATHS = NO;
				CLANG_ANALYZER_NONNULL = YES;
				CLANG_ANALYZER_NUMBER_OBJECT_CONVERSION = YES_AGGRESSIVE;
				CLANG_CXX_LANGUAGE_STANDARD = "gnu++14";
				CLANG_CXX_LIBRARY = "libc++";
				CLANG_ENABLE_MODULES = YES;
				CLANG_ENABLE_OBJC_ARC = YES;
				CLANG_ENABLE_OBJC_WEAK = YES;
				CLANG_WARN_BLOCK_CAPTURE_AUTORELEASING = YES;
				CLANG_WARN_BOOL_CONVERSION = YES;
				CLANG_WARN_COMMA = YES;
				CLANG_WARN_CONSTANT_CONVERSION = YES;
				CLANG_WARN_DEPRECATED_OBJC_IMPLEMENTATIONS = YES;
				CLANG_WARN_DIRECT_OBJC_ISA_USAGE = YES_ERROR;
				CLANG_WARN_DOCUMENTATION_COMMENTS = YES;
				CLANG_WARN_EMPTY_BODY = YES;
				CLANG_WARN_ENUM_CONVERSION = YES;
				CLANG_WARN_INFINITE_RECURSION = YES;
				CLANG_WARN_INT_CONVERSION = YES;
				CLANG_WARN_NON_LITERAL_NULL_CONVERSION = YES;
				CLANG_WARN_OBJC_IMPLICIT_RETAIN_SELF = YES;
				CLANG_WARN_OBJC_LITERAL_CONVERSION = YES;
				CLANG_WARN_OBJC_ROOT_CLASS = YES_ERROR;
				CLANG_WARN_RANGE_LOOP_ANALYSIS = YES;
				CLANG_WARN_STRICT_PROTOTYPES = YES;
				CLANG_WARN_SUSPICIOUS_MOVE = YES;
				CLANG_WARN_UNGUARDED_AVAILABILITY = YES_AGGRESSIVE;
				CLANG_WARN_UNREACHABLE_CODE = YES;
				CLANG_WARN__DUPLICATE_METHOD_MATCH = YES;
				COPY_PHASE_STRIP = NO;
				DEBUG_INFORMATION_FORMAT = "dwarf-with-dsym";
				ENABLE_NS_ASSERTIONS = NO;
				ENABLE_STRICT_OBJC_MSGSEND = YES;
				GCC_C_LANGUAGE_STANDARD = gnu11;
				GCC_NO_COMMON_BLOCKS = YES;
				GCC_WARN_64_TO_32_BIT_CONVERSION = YES;
				GCC_WARN_ABOUT_RETURN_TYPE = YES_ERROR;
				GCC_WARN_UNDECLARED_SELECTOR = YES;
				GCC_WARN_UNINITIALIZED_AUTOS = YES_AGGRESSIVE;
				GCC_WARN_UNUSED_FUNCTION = YES;
				GCC_WARN_UNUSED_VARIABLE = YES;
				MACOSX_DEPLOYMENT_TARGET = 10.15;
				MTL_ENABLE_DEBUG_INFO = NO;
				MTL_FAST_MATH = YES;
				SDKROOT = macosx;
				SWIFT_COMPILATION_MODE = wholemodule;
				SWIFT_OPTIMIZATION_LEVEL = "-O";
			};
			name = Release;
		};
		8D55B38824CEF65400C37EBE /* Debug */ = {
			isa = XCBuildConfiguration;
			buildSettings = {
				CODE_SIGN_STYLE = Automatic;
				PRODUCT_NAME = "$(TARGET_NAME)";
				SWIFT_VERSION = 5.0;
			};
			name = Debug;
		};
		8D55B38924CEF65400C37EBE /* Release */ = {
			isa = XCBuildConfiguration;
			buildSettings = {
				CODE_SIGN_STYLE = Automatic;
				PRODUCT_NAME = "$(TARGET_NAME)";
				SWIFT_VERSION = 5.0;
			};
			name = Release;
		};
		8D55B39724CF166100C37EBE /* Debug */ = {
			isa = XCBuildConfiguration;
			buildSettings = {
				CODE_SIGN_STYLE = Automatic;
				PRODUCT_NAME = "$(TARGET_NAME)";
				SWIFT_VERSION = 5.0;
			};
			name = Debug;
		};
		8D55B39824CF166100C37EBE /* Release */ = {
			isa = XCBuildConfiguration;
			buildSettings = {
				CODE_SIGN_STYLE = Automatic;
				PRODUCT_NAME = "$(TARGET_NAME)";
				SWIFT_VERSION = 5.0;
			};
			name = Release;
		};
		8D9EFEAF24CF2C4600D05156 /* Debug */ = {
			isa = XCBuildConfiguration;
			buildSettings = {
				CODE_SIGN_STYLE = Automatic;
				PRODUCT_NAME = "$(TARGET_NAME)";
				SWIFT_VERSION = 5.0;
			};
			name = Debug;
		};
		8D9EFEB024CF2C4600D05156 /* Release */ = {
			isa = XCBuildConfiguration;
			buildSettings = {
				CODE_SIGN_STYLE = Automatic;
				PRODUCT_NAME = "$(TARGET_NAME)";
				SWIFT_VERSION = 5.0;
			};
			name = Release;
		};
/* End XCBuildConfiguration section */

/* Begin XCConfigurationList section */
		8D55B37024CEF62C00C37EBE /* Build configuration list for PBXProject "1-qualification-round" */ = {
			isa = XCConfigurationList;
			buildConfigurations = (
				8D55B37A24CEF62C00C37EBE /* Debug */,
				8D55B37B24CEF62C00C37EBE /* Release */,
			);
			defaultConfigurationIsVisible = 0;
			defaultConfigurationName = Release;
		};
		8D55B38724CEF65400C37EBE /* Build configuration list for PBXNativeTarget "TravelRestrictions" */ = {
			isa = XCConfigurationList;
			buildConfigurations = (
				8D55B38824CEF65400C37EBE /* Debug */,
				8D55B38924CEF65400C37EBE /* Release */,
			);
			defaultConfigurationIsVisible = 0;
			defaultConfigurationName = Release;
		};
		8D55B39624CF166100C37EBE /* Build configuration list for PBXNativeTarget "Alchemy" */ = {
			isa = XCConfigurationList;
			buildConfigurations = (
				8D55B39724CF166100C37EBE /* Debug */,
				8D55B39824CF166100C37EBE /* Release */,
			);
			defaultConfigurationIsVisible = 0;
			defaultConfigurationName = Release;
		};
		8D9EFEAE24CF2C4600D05156 /* Build configuration list for PBXNativeTarget "Timber" */ = {
			isa = XCConfigurationList;
			buildConfigurations = (
				8D9EFEAF24CF2C4600D05156 /* Debug */,
				8D9EFEB024CF2C4600D05156 /* Release */,
			);
			defaultConfigurationIsVisible = 0;
			defaultConfigurationName = Release;
		};
/* End XCConfigurationList section */
	};
	rootObject = 8D55B36D24CEF62C00C37EBE /* Project object */;
}
