// !$*UTF8*$!
{
	archiveVersion = 1;
	classes = {
	};
	objectVersion = 46;
	objects = {

/* Begin PBXBuildFile section */
		07B591F51EA81A400074EF56 /* main.swift in Sources */ = {isa = PBXBuildFile; fileRef = 07B591F41EA81A400074EF56 /* main.swift */; };
		07B591FC1EA81A830074EF56 /* CoinJam.swift in Sources */ = {isa = PBXBuildFile; fileRef = 07B591FB1EA81A830074EF56 /* CoinJam.swift */; };
		07B591FD1EA81A9E0074EF56 /* C-large-practice.in in CopyFiles */ = {isa = PBXBuildFile; fileRef = 07B591F91EA81A740074EF56 /* C-large-practice.in */; };
		07B591FE1EA81A9E0074EF56 /* C-small-practice.in in CopyFiles */ = {isa = PBXBuildFile; fileRef = 07B591FA1EA81A740074EF56 /* C-small-practice.in */; };
		8D446AC01EAA00D900A50E0F /* main.swift in Sources */ = {isa = PBXBuildFile; fileRef = 8D446ABF1EAA00D900A50E0F /* main.swift */; };
		8D446AC51EAA010200A50E0F /* Fractiles.swift in Sources */ = {isa = PBXBuildFile; fileRef = 8D446AC41EAA010200A50E0F /* Fractiles.swift */; };
		8D446AC81EAA019600A50E0F /* D-small-practice.in in CopyFiles */ = {isa = PBXBuildFile; fileRef = 8D446AC71EAA011A00A50E0F /* D-small-practice.in */; };
		8D446AC91EAA019600A50E0F /* D-large-practice.in in CopyFiles */ = {isa = PBXBuildFile; fileRef = 8D446AC61EAA011A00A50E0F /* D-large-practice.in */; };
		8D90811D1EA2597E00A28EA6 /* main.swift in Sources */ = {isa = PBXBuildFile; fileRef = 8D90811C1EA2597E00A28EA6 /* main.swift */; };
		8D9081301EA277E300A28EA6 /* main.swift in Sources */ = {isa = PBXBuildFile; fileRef = 8D9081111EA2585700A28EA6 /* main.swift */; };
		8D9081581EA2F30B00A28EA6 /* A-small-practice.in in CopyFiles */ = {isa = PBXBuildFile; fileRef = 8D9081331EA279FB00A28EA6 /* A-small-practice.in */; };
		8D9081591EA2F3D800A28EA6 /* A-large-practice.in in CopyFiles */ = {isa = PBXBuildFile; fileRef = 8D9081341EA27A0400A28EA6 /* A-large-practice.in */; };
		8D90815A1EA2F3E500A28EA6 /* B-small-practice.in in CopyFiles */ = {isa = PBXBuildFile; fileRef = 8D9081311EA279DC00A28EA6 /* B-small-practice.in */; };
		8D90815B1EA2F3E500A28EA6 /* B-large-practice.in in CopyFiles */ = {isa = PBXBuildFile; fileRef = 8D9081321EA279E800A28EA6 /* B-large-practice.in */; };
		8D90815D1EA2F47A00A28EA6 /* CountingSheep.swift in Sources */ = {isa = PBXBuildFile; fileRef = 8D90815C1EA2F47A00A28EA6 /* CountingSheep.swift */; };
		8D90815F1EA34EC900A28EA6 /* Revenge.swift in Sources */ = {isa = PBXBuildFile; fileRef = 8D90815E1EA34EC900A28EA6 /* Revenge.swift */; };
/* End PBXBuildFile section */

/* Begin PBXCopyFilesBuildPhase section */
		07B591F01EA81A400074EF56 /* CopyFiles */ = {
			isa = PBXCopyFilesBuildPhase;
			buildActionMask = 12;
			dstPath = "";
			dstSubfolderSpec = 16;
			files = (
				07B591FD1EA81A9E0074EF56 /* C-large-practice.in in CopyFiles */,
				07B591FE1EA81A9E0074EF56 /* C-small-practice.in in CopyFiles */,
			);
			runOnlyForDeploymentPostprocessing = 0;
		};
		8D446ABB1EAA00D900A50E0F /* CopyFiles */ = {
			isa = PBXCopyFilesBuildPhase;
			buildActionMask = 12;
			dstPath = "";
			dstSubfolderSpec = 16;
			files = (
				8D446AC81EAA019600A50E0F /* D-small-practice.in in CopyFiles */,
				8D446AC91EAA019600A50E0F /* D-large-practice.in in CopyFiles */,
			);
			runOnlyForDeploymentPostprocessing = 0;
		};
		8D9081181EA2597E00A28EA6 /* CopyFiles */ = {
			isa = PBXCopyFilesBuildPhase;
			buildActionMask = 12;
			dstPath = "";
			dstSubfolderSpec = 16;
			files = (
				8D90815A1EA2F3E500A28EA6 /* B-small-practice.in in CopyFiles */,
				8D90815B1EA2F3E500A28EA6 /* B-large-practice.in in CopyFiles */,
			);
			runOnlyForDeploymentPostprocessing = 0;
		};
		8D9081231EA259AC00A28EA6 /* CopyFiles */ = {
			isa = PBXCopyFilesBuildPhase;
			buildActionMask = 12;
			dstPath = "";
			dstSubfolderSpec = 16;
			files = (
				8D9081591EA2F3D800A28EA6 /* A-large-practice.in in CopyFiles */,
				8D9081581EA2F30B00A28EA6 /* A-small-practice.in in CopyFiles */,
			);
			runOnlyForDeploymentPostprocessing = 0;
		};
/* End PBXCopyFilesBuildPhase section */

/* Begin PBXFileReference section */
		07B591F21EA81A400074EF56 /* CoinJam */ = {isa = PBXFileReference; explicitFileType = "compiled.mach-o.executable"; includeInIndex = 0; path = CoinJam; sourceTree = BUILT_PRODUCTS_DIR; };
		07B591F41EA81A400074EF56 /* main.swift */ = {isa = PBXFileReference; lastKnownFileType = sourcecode.swift; path = main.swift; sourceTree = "<group>"; };
		07B591F91EA81A740074EF56 /* C-large-practice.in */ = {isa = PBXFileReference; fileEncoding = 4; lastKnownFileType = text; path = "C-large-practice.in"; sourceTree = "<group>"; };
		07B591FA1EA81A740074EF56 /* C-small-practice.in */ = {isa = PBXFileReference; fileEncoding = 4; lastKnownFileType = text; path = "C-small-practice.in"; sourceTree = "<group>"; };
		07B591FB1EA81A830074EF56 /* CoinJam.swift */ = {isa = PBXFileReference; fileEncoding = 4; lastKnownFileType = sourcecode.swift; path = CoinJam.swift; sourceTree = "<group>"; };
		8D446ABD1EAA00D900A50E0F /* Fractiles */ = {isa = PBXFileReference; explicitFileType = "compiled.mach-o.executable"; includeInIndex = 0; path = Fractiles; sourceTree = BUILT_PRODUCTS_DIR; };
		8D446ABF1EAA00D900A50E0F /* main.swift */ = {isa = PBXFileReference; lastKnownFileType = sourcecode.swift; path = main.swift; sourceTree = "<group>"; };
		8D446AC41EAA010200A50E0F /* Fractiles.swift */ = {isa = PBXFileReference; fileEncoding = 4; lastKnownFileType = sourcecode.swift; path = Fractiles.swift; sourceTree = "<group>"; };
		8D446AC61EAA011A00A50E0F /* D-large-practice.in */ = {isa = PBXFileReference; fileEncoding = 4; lastKnownFileType = text; path = "D-large-practice.in"; sourceTree = "<group>"; };
		8D446AC71EAA011A00A50E0F /* D-small-practice.in */ = {isa = PBXFileReference; fileEncoding = 4; lastKnownFileType = text; path = "D-small-practice.in"; sourceTree = "<group>"; };
		8D9081111EA2585700A28EA6 /* main.swift */ = {isa = PBXFileReference; lastKnownFileType = sourcecode.swift; path = main.swift; sourceTree = "<group>"; };
		8D90811A1EA2597E00A28EA6 /* RevengeOfThePancakes */ = {isa = PBXFileReference; explicitFileType = "compiled.mach-o.executable"; includeInIndex = 0; path = RevengeOfThePancakes; sourceTree = BUILT_PRODUCTS_DIR; };
		8D90811C1EA2597E00A28EA6 /* main.swift */ = {isa = PBXFileReference; lastKnownFileType = sourcecode.swift; path = main.swift; sourceTree = "<group>"; };
		8D9081251EA259AC00A28EA6 /* CountingSheep */ = {isa = PBXFileReference; explicitFileType = "compiled.mach-o.executable"; includeInIndex = 0; path = CountingSheep; sourceTree = BUILT_PRODUCTS_DIR; };
		8D9081311EA279DC00A28EA6 /* B-small-practice.in */ = {isa = PBXFileReference; fileEncoding = 4; lastKnownFileType = text; path = "B-small-practice.in"; sourceTree = "<group>"; };
		8D9081321EA279E800A28EA6 /* B-large-practice.in */ = {isa = PBXFileReference; fileEncoding = 4; lastKnownFileType = text; path = "B-large-practice.in"; sourceTree = "<group>"; };
		8D9081331EA279FB00A28EA6 /* A-small-practice.in */ = {isa = PBXFileReference; fileEncoding = 4; lastKnownFileType = text; path = "A-small-practice.in"; sourceTree = "<group>"; };
		8D9081341EA27A0400A28EA6 /* A-large-practice.in */ = {isa = PBXFileReference; fileEncoding = 4; lastKnownFileType = text; path = "A-large-practice.in"; sourceTree = "<group>"; };
		8D90815C1EA2F47A00A28EA6 /* CountingSheep.swift */ = {isa = PBXFileReference; fileEncoding = 4; lastKnownFileType = sourcecode.swift; path = CountingSheep.swift; sourceTree = "<group>"; };
		8D90815E1EA34EC900A28EA6 /* Revenge.swift */ = {isa = PBXFileReference; fileEncoding = 4; lastKnownFileType = sourcecode.swift; path = Revenge.swift; sourceTree = "<group>"; };
/* End PBXFileReference section */

/* Begin PBXFrameworksBuildPhase section */
		07B591EF1EA81A400074EF56 /* Frameworks */ = {
			isa = PBXFrameworksBuildPhase;
			buildActionMask = 2147483647;
			files = (
			);
			runOnlyForDeploymentPostprocessing = 0;
		};
		8D446ABA1EAA00D900A50E0F /* Frameworks */ = {
			isa = PBXFrameworksBuildPhase;
			buildActionMask = 2147483647;
			files = (
			);
			runOnlyForDeploymentPostprocessing = 0;
		};
		8D9081171EA2597E00A28EA6 /* Frameworks */ = {
			isa = PBXFrameworksBuildPhase;
			buildActionMask = 2147483647;
			files = (
			);
			runOnlyForDeploymentPostprocessing = 0;
		};
		8D9081221EA259AC00A28EA6 /* Frameworks */ = {
			isa = PBXFrameworksBuildPhase;
			buildActionMask = 2147483647;
			files = (
			);
			runOnlyForDeploymentPostprocessing = 0;
		};
/* End PBXFrameworksBuildPhase section */

/* Begin PBXGroup section */
		07B591F31EA81A400074EF56 /* CoinJam */ = {
			isa = PBXGroup;
			children = (
				07B591FB1EA81A830074EF56 /* CoinJam.swift */,
				07B591F41EA81A400074EF56 /* main.swift */,
				07B591FA1EA81A740074EF56 /* C-small-practice.in */,
				07B591F91EA81A740074EF56 /* C-large-practice.in */,
			);
			path = CoinJam;
			sourceTree = "<group>";
		};
		8D446ABE1EAA00D900A50E0F /* Fractiles */ = {
			isa = PBXGroup;
			children = (
				8D446AC41EAA010200A50E0F /* Fractiles.swift */,
				8D446ABF1EAA00D900A50E0F /* main.swift */,
				8D446AC71EAA011A00A50E0F /* D-small-practice.in */,
				8D446AC61EAA011A00A50E0F /* D-large-practice.in */,
			);
			path = Fractiles;
			sourceTree = "<group>";
		};
		8D9080F81EA2582F00A28EA6 = {
			isa = PBXGroup;
			children = (
				8D9081101EA2585700A28EA6 /* CountingSheep */,
				8D90811B1EA2597E00A28EA6 /* RevengeOfThePancakes */,
				07B591F31EA81A400074EF56 /* CoinJam */,
				8D446ABE1EAA00D900A50E0F /* Fractiles */,
				8D9081021EA2583000A28EA6 /* Products */,
			);
			sourceTree = "<group>";
		};
		8D9081021EA2583000A28EA6 /* Products */ = {
			isa = PBXGroup;
			children = (
				8D90811A1EA2597E00A28EA6 /* RevengeOfThePancakes */,
				8D9081251EA259AC00A28EA6 /* CountingSheep */,
				07B591F21EA81A400074EF56 /* CoinJam */,
				8D446ABD1EAA00D900A50E0F /* Fractiles */,
			);
			name = Products;
			sourceTree = "<group>";
		};
		8D9081101EA2585700A28EA6 /* CountingSheep */ = {
			isa = PBXGroup;
			children = (
				8D90815C1EA2F47A00A28EA6 /* CountingSheep.swift */,
				8D9081111EA2585700A28EA6 /* main.swift */,
				8D9081331EA279FB00A28EA6 /* A-small-practice.in */,
				8D9081341EA27A0400A28EA6 /* A-large-practice.in */,
			);
			path = CountingSheep;
			sourceTree = "<group>";
		};
		8D90811B1EA2597E00A28EA6 /* RevengeOfThePancakes */ = {
			isa = PBXGroup;
			children = (
				8D90815E1EA34EC900A28EA6 /* Revenge.swift */,
				8D90811C1EA2597E00A28EA6 /* main.swift */,
				8D9081311EA279DC00A28EA6 /* B-small-practice.in */,
				8D9081321EA279E800A28EA6 /* B-large-practice.in */,
			);
			path = RevengeOfThePancakes;
			sourceTree = "<group>";
		};
/* End PBXGroup section */

/* Begin PBXNativeTarget section */
		07B591F11EA81A400074EF56 /* CoinJam */ = {
			isa = PBXNativeTarget;
			buildConfigurationList = 07B591F81EA81A400074EF56 /* Build configuration list for PBXNativeTarget "CoinJam" */;
			buildPhases = (
				07B591EE1EA81A400074EF56 /* Sources */,
				07B591EF1EA81A400074EF56 /* Frameworks */,
				07B591F01EA81A400074EF56 /* CopyFiles */,
			);
			buildRules = (
			);
			dependencies = (
			);
			name = CoinJam;
			productName = CoinJam;
			productReference = 07B591F21EA81A400074EF56 /* CoinJam */;
			productType = "com.apple.product-type.tool";
		};
		8D446ABC1EAA00D900A50E0F /* Fractiles */ = {
			isa = PBXNativeTarget;
			buildConfigurationList = 8D446AC31EAA00D900A50E0F /* Build configuration list for PBXNativeTarget "Fractiles" */;
			buildPhases = (
				8D446AB91EAA00D900A50E0F /* Sources */,
				8D446ABA1EAA00D900A50E0F /* Frameworks */,
				8D446ABB1EAA00D900A50E0F /* CopyFiles */,
			);
			buildRules = (
			);
			dependencies = (
			);
			name = Fractiles;
			productName = Fractiles;
			productReference = 8D446ABD1EAA00D900A50E0F /* Fractiles */;
			productType = "com.apple.product-type.tool";
		};
		8D9081191EA2597E00A28EA6 /* RevengeOfThePancakes */ = {
			isa = PBXNativeTarget;
			buildConfigurationList = 8D9081201EA2597E00A28EA6 /* Build configuration list for PBXNativeTarget "RevengeOfThePancakes" */;
			buildPhases = (
				8D9081161EA2597E00A28EA6 /* Sources */,
				8D9081171EA2597E00A28EA6 /* Frameworks */,
				8D9081181EA2597E00A28EA6 /* CopyFiles */,
			);
			buildRules = (
			);
			dependencies = (
			);
			name = RevengeOfThePancakes;
			productName = RevengeOfThePancakes;
			productReference = 8D90811A1EA2597E00A28EA6 /* RevengeOfThePancakes */;
			productType = "com.apple.product-type.tool";
		};
		8D9081241EA259AC00A28EA6 /* CountingSheep */ = {
			isa = PBXNativeTarget;
			buildConfigurationList = 8D9081291EA259AC00A28EA6 /* Build configuration list for PBXNativeTarget "CountingSheep" */;
			buildPhases = (
				8D9081211EA259AC00A28EA6 /* Sources */,
				8D9081221EA259AC00A28EA6 /* Frameworks */,
				8D9081231EA259AC00A28EA6 /* CopyFiles */,
			);
			buildRules = (
			);
			dependencies = (
			);
			name = CountingSheep;
			productName = CountingSheep;
			productReference = 8D9081251EA259AC00A28EA6 /* CountingSheep */;
			productType = "com.apple.product-type.tool";
		};
/* End PBXNativeTarget section */

/* Begin PBXProject section */
		8D9080F91EA2582F00A28EA6 /* Project object */ = {
			isa = PBXProject;
			attributes = {
				LastSwiftUpdateCheck = 0830;
				LastUpgradeCheck = 0830;
				ORGANIZATIONNAME = boxjeon;
				TargetAttributes = {
					07B591F11EA81A400074EF56 = {
						CreatedOnToolsVersion = 8.3.1;
						ProvisioningStyle = Automatic;
					};
					8D446ABC1EAA00D900A50E0F = {
						CreatedOnToolsVersion = 8.3.2;
						ProvisioningStyle = Automatic;
					};
					8D9081191EA2597E00A28EA6 = {
						CreatedOnToolsVersion = 8.3.1;
						ProvisioningStyle = Automatic;
					};
					8D9081241EA259AC00A28EA6 = {
						CreatedOnToolsVersion = 8.3.1;
						ProvisioningStyle = Automatic;
					};
				};
			};
			buildConfigurationList = 8D9080FC1EA2582F00A28EA6 /* Build configuration list for PBXProject "1-qualification-round" */;
			compatibilityVersion = "Xcode 3.2";
			developmentRegion = English;
			hasScannedForEncodings = 0;
			knownRegions = (
				en,
			);
			mainGroup = 8D9080F81EA2582F00A28EA6;
			productRefGroup = 8D9081021EA2583000A28EA6 /* Products */;
			projectDirPath = "";
			projectRoot = "";
			targets = (
				8D9081241EA259AC00A28EA6 /* CountingSheep */,
				8D9081191EA2597E00A28EA6 /* RevengeOfThePancakes */,
				07B591F11EA81A400074EF56 /* CoinJam */,
				8D446ABC1EAA00D900A50E0F /* Fractiles */,
			);
		};
/* End PBXProject section */

/* Begin PBXSourcesBuildPhase section */
		07B591EE1EA81A400074EF56 /* Sources */ = {
			isa = PBXSourcesBuildPhase;
			buildActionMask = 2147483647;
			files = (
				07B591F51EA81A400074EF56 /* main.swift in Sources */,
				07B591FC1EA81A830074EF56 /* CoinJam.swift in Sources */,
			);
			runOnlyForDeploymentPostprocessing = 0;
		};
		8D446AB91EAA00D900A50E0F /* Sources */ = {
			isa = PBXSourcesBuildPhase;
			buildActionMask = 2147483647;
			files = (
				8D446AC01EAA00D900A50E0F /* main.swift in Sources */,
				8D446AC51EAA010200A50E0F /* Fractiles.swift in Sources */,
			);
			runOnlyForDeploymentPostprocessing = 0;
		};
		8D9081161EA2597E00A28EA6 /* Sources */ = {
			isa = PBXSourcesBuildPhase;
			buildActionMask = 2147483647;
			files = (
				8D90815F1EA34EC900A28EA6 /* Revenge.swift in Sources */,
				8D90811D1EA2597E00A28EA6 /* main.swift in Sources */,
			);
			runOnlyForDeploymentPostprocessing = 0;
		};
		8D9081211EA259AC00A28EA6 /* Sources */ = {
			isa = PBXSourcesBuildPhase;
			buildActionMask = 2147483647;
			files = (
				8D90815D1EA2F47A00A28EA6 /* CountingSheep.swift in Sources */,
				8D9081301EA277E300A28EA6 /* main.swift in Sources */,
			);
			runOnlyForDeploymentPostprocessing = 0;
		};
/* End PBXSourcesBuildPhase section */

/* Begin XCBuildConfiguration section */
		07B591F61EA81A400074EF56 /* Debug */ = {
			isa = XCBuildConfiguration;
			buildSettings = {
				PRODUCT_NAME = "$(TARGET_NAME)";
				SWIFT_VERSION = 3.0;
			};
			name = Debug;
		};
		07B591F71EA81A400074EF56 /* Release */ = {
			isa = XCBuildConfiguration;
			buildSettings = {
				PRODUCT_NAME = "$(TARGET_NAME)";
				SWIFT_VERSION = 3.0;
			};
			name = Release;
		};
		8D446AC11EAA00D900A50E0F /* Debug */ = {
			isa = XCBuildConfiguration;
			buildSettings = {
				PRODUCT_NAME = "$(TARGET_NAME)";
				SWIFT_VERSION = 3.0;
			};
			name = Debug;
		};
		8D446AC21EAA00D900A50E0F /* Release */ = {
			isa = XCBuildConfiguration;
			buildSettings = {
				PRODUCT_NAME = "$(TARGET_NAME)";
				SWIFT_VERSION = 3.0;
			};
			name = Release;
		};
		8D9081061EA2583000A28EA6 /* Debug */ = {
			isa = XCBuildConfiguration;
			buildSettings = {
				ALWAYS_SEARCH_USER_PATHS = NO;
				CLANG_ANALYZER_NONNULL = YES;
				CLANG_ANALYZER_NUMBER_OBJECT_CONVERSION = YES_AGGRESSIVE;
				CLANG_CXX_LANGUAGE_STANDARD = "gnu++0x";
				CLANG_CXX_LIBRARY = "libc++";
				CLANG_ENABLE_MODULES = YES;
				CLANG_ENABLE_OBJC_ARC = YES;
				CLANG_WARN_BOOL_CONVERSION = YES;
				CLANG_WARN_CONSTANT_CONVERSION = YES;
				CLANG_WARN_DIRECT_OBJC_ISA_USAGE = YES_ERROR;
				CLANG_WARN_DOCUMENTATION_COMMENTS = YES;
				CLANG_WARN_EMPTY_BODY = YES;
				CLANG_WARN_ENUM_CONVERSION = YES;
				CLANG_WARN_INFINITE_RECURSION = YES;
				CLANG_WARN_INT_CONVERSION = YES;
				CLANG_WARN_OBJC_ROOT_CLASS = YES_ERROR;
				CLANG_WARN_SUSPICIOUS_MOVE = YES;
				CLANG_WARN_UNREACHABLE_CODE = YES;
				CLANG_WARN__DUPLICATE_METHOD_MATCH = YES;
				CODE_SIGN_IDENTITY = "-";
				COPY_PHASE_STRIP = NO;
				DEBUG_INFORMATION_FORMAT = dwarf;
				ENABLE_STRICT_OBJC_MSGSEND = YES;
				ENABLE_TESTABILITY = YES;
				GCC_C_LANGUAGE_STANDARD = gnu99;
				GCC_DYNAMIC_NO_PIC = NO;
				GCC_NO_COMMON_BLOCKS = YES;
				GCC_OPTIMIZATION_LEVEL = 0;
				GCC_PREPROCESSOR_DEFINITIONS = (
					"DEBUG=1",
					"$(inherited)",
				);
				GCC_WARN_64_TO_32_BIT_CONVERSION = YES;
				GCC_WARN_ABOUT_RETURN_TYPE = YES_ERROR;
				GCC_WARN_UNDECLARED_SELECTOR = YES;
				GCC_WARN_UNINITIALIZED_AUTOS = YES_AGGRESSIVE;
				GCC_WARN_UNUSED_FUNCTION = YES;
				GCC_WARN_UNUSED_VARIABLE = YES;
				MACOSX_DEPLOYMENT_TARGET = 10.12;
				MTL_ENABLE_DEBUG_INFO = YES;
				ONLY_ACTIVE_ARCH = YES;
				SDKROOT = macosx;
				SWIFT_OPTIMIZATION_LEVEL = "-Onone";
			};
			name = Debug;
		};
		8D9081071EA2583000A28EA6 /* Release */ = {
			isa = XCBuildConfiguration;
			buildSettings = {
				ALWAYS_SEARCH_USER_PATHS = NO;
				CLANG_ANALYZER_NONNULL = YES;
				CLANG_ANALYZER_NUMBER_OBJECT_CONVERSION = YES_AGGRESSIVE;
				CLANG_CXX_LANGUAGE_STANDARD = "gnu++0x";
				CLANG_CXX_LIBRARY = "libc++";
				CLANG_ENABLE_MODULES = YES;
				CLANG_ENABLE_OBJC_ARC = YES;
				CLANG_WARN_BOOL_CONVERSION = YES;
				CLANG_WARN_CONSTANT_CONVERSION = YES;
				CLANG_WARN_DIRECT_OBJC_ISA_USAGE = YES_ERROR;
				CLANG_WARN_DOCUMENTATION_COMMENTS = YES;
				CLANG_WARN_EMPTY_BODY = YES;
				CLANG_WARN_ENUM_CONVERSION = YES;
				CLANG_WARN_INFINITE_RECURSION = YES;
				CLANG_WARN_INT_CONVERSION = YES;
				CLANG_WARN_OBJC_ROOT_CLASS = YES_ERROR;
				CLANG_WARN_SUSPICIOUS_MOVE = YES;
				CLANG_WARN_UNREACHABLE_CODE = YES;
				CLANG_WARN__DUPLICATE_METHOD_MATCH = YES;
				CODE_SIGN_IDENTITY = "-";
				COPY_PHASE_STRIP = NO;
				DEBUG_INFORMATION_FORMAT = "dwarf-with-dsym";
				ENABLE_NS_ASSERTIONS = NO;
				ENABLE_STRICT_OBJC_MSGSEND = YES;
				GCC_C_LANGUAGE_STANDARD = gnu99;
				GCC_NO_COMMON_BLOCKS = YES;
				GCC_WARN_64_TO_32_BIT_CONVERSION = YES;
				GCC_WARN_ABOUT_RETURN_TYPE = YES_ERROR;
				GCC_WARN_UNDECLARED_SELECTOR = YES;
				GCC_WARN_UNINITIALIZED_AUTOS = YES_AGGRESSIVE;
				GCC_WARN_UNUSED_FUNCTION = YES;
				GCC_WARN_UNUSED_VARIABLE = YES;
				MACOSX_DEPLOYMENT_TARGET = 10.12;
				MTL_ENABLE_DEBUG_INFO = NO;
				SDKROOT = macosx;
			};
			name = Release;
		};
		8D90811E1EA2597E00A28EA6 /* Debug */ = {
			isa = XCBuildConfiguration;
			buildSettings = {
				PRODUCT_NAME = "$(TARGET_NAME)";
				SWIFT_VERSION = 3.0;
			};
			name = Debug;
		};
		8D90811F1EA2597E00A28EA6 /* Release */ = {
			isa = XCBuildConfiguration;
			buildSettings = {
				PRODUCT_NAME = "$(TARGET_NAME)";
				SWIFT_VERSION = 3.0;
			};
			name = Release;
		};
		8D90812A1EA259AC00A28EA6 /* Debug */ = {
			isa = XCBuildConfiguration;
			buildSettings = {
				PRODUCT_NAME = "$(TARGET_NAME)";
				SWIFT_VERSION = 3.0;
			};
			name = Debug;
		};
		8D90812B1EA259AC00A28EA6 /* Release */ = {
			isa = XCBuildConfiguration;
			buildSettings = {
				PRODUCT_NAME = "$(TARGET_NAME)";
				SWIFT_VERSION = 3.0;
			};
			name = Release;
		};
/* End XCBuildConfiguration section */

/* Begin XCConfigurationList section */
		07B591F81EA81A400074EF56 /* Build configuration list for PBXNativeTarget "CoinJam" */ = {
			isa = XCConfigurationList;
			buildConfigurations = (
				07B591F61EA81A400074EF56 /* Debug */,
				07B591F71EA81A400074EF56 /* Release */,
			);
			defaultConfigurationIsVisible = 0;
			defaultConfigurationName = Release;
		};
		8D446AC31EAA00D900A50E0F /* Build configuration list for PBXNativeTarget "Fractiles" */ = {
			isa = XCConfigurationList;
			buildConfigurations = (
				8D446AC11EAA00D900A50E0F /* Debug */,
				8D446AC21EAA00D900A50E0F /* Release */,
			);
			defaultConfigurationIsVisible = 0;
		};
		8D9080FC1EA2582F00A28EA6 /* Build configuration list for PBXProject "1-qualification-round" */ = {
			isa = XCConfigurationList;
			buildConfigurations = (
				8D9081061EA2583000A28EA6 /* Debug */,
				8D9081071EA2583000A28EA6 /* Release */,
			);
			defaultConfigurationIsVisible = 0;
			defaultConfigurationName = Release;
		};
		8D9081201EA2597E00A28EA6 /* Build configuration list for PBXNativeTarget "RevengeOfThePancakes" */ = {
			isa = XCConfigurationList;
			buildConfigurations = (
				8D90811E1EA2597E00A28EA6 /* Debug */,
				8D90811F1EA2597E00A28EA6 /* Release */,
			);
			defaultConfigurationIsVisible = 0;
			defaultConfigurationName = Release;
		};
		8D9081291EA259AC00A28EA6 /* Build configuration list for PBXNativeTarget "CountingSheep" */ = {
			isa = XCConfigurationList;
			buildConfigurations = (
				8D90812A1EA259AC00A28EA6 /* Debug */,
				8D90812B1EA259AC00A28EA6 /* Release */,
			);
			defaultConfigurationIsVisible = 0;
			defaultConfigurationName = Release;
		};
/* End XCConfigurationList section */
	};
	rootObject = 8D9080F91EA2582F00A28EA6 /* Project object */;
}
