// !$*UTF8*$!
{
	archiveVersion = 1;
	classes = {
	};
	objectVersion = 48;
	objects = {

/* Begin PBXBuildFile section */
		078E5E5920541C3E00BD5E1B /* OversizedPancakeFlipper.swift in Sources */ = {isa = PBXBuildFile; fileRef = 078E5E5820541C3E00BD5E1B /* OversizedPancakeFlipper.swift */; };
		078E5E5A2054246200BD5E1B /* A-small-practice.in in CopyFiles */ = {isa = PBXBuildFile; fileRef = 079CAD671FD707AB00221A53 /* A-small-practice.in */; };
		078E5E5B2054246200BD5E1B /* A-large-practice.in in CopyFiles */ = {isa = PBXBuildFile; fileRef = 079CAD681FD707B400221A53 /* A-large-practice.in */; };
		079CAD611FD7074D00221A53 /* main.swift in Sources */ = {isa = PBXBuildFile; fileRef = 079CAD601FD7074D00221A53 /* main.swift */; };
/* End PBXBuildFile section */

/* Begin PBXCopyFilesBuildPhase section */
		079CAD5C1FD7074D00221A53 /* CopyFiles */ = {
			isa = PBXCopyFilesBuildPhase;
			buildActionMask = 12;
			dstPath = "";
			dstSubfolderSpec = 16;
			files = (
				078E5E5A2054246200BD5E1B /* A-small-practice.in in CopyFiles */,
				078E5E5B2054246200BD5E1B /* A-large-practice.in in CopyFiles */,
			);
			runOnlyForDeploymentPostprocessing = 0;
		};
/* End PBXCopyFilesBuildPhase section */

/* Begin PBXFileReference section */
		078E5E5820541C3E00BD5E1B /* OversizedPancakeFlipper.swift */ = {isa = PBXFileReference; lastKnownFileType = sourcecode.swift; path = OversizedPancakeFlipper.swift; sourceTree = "<group>"; };
		079CAD5E1FD7074D00221A53 /* OversizedPancakeFlipper */ = {isa = PBXFileReference; explicitFileType = "compiled.mach-o.executable"; includeInIndex = 0; path = OversizedPancakeFlipper; sourceTree = BUILT_PRODUCTS_DIR; };
		079CAD601FD7074D00221A53 /* main.swift */ = {isa = PBXFileReference; lastKnownFileType = sourcecode.swift; path = main.swift; sourceTree = "<group>"; };
		079CAD671FD707AB00221A53 /* A-small-practice.in */ = {isa = PBXFileReference; fileEncoding = 4; lastKnownFileType = text; path = "A-small-practice.in"; sourceTree = "<group>"; };
		079CAD681FD707B400221A53 /* A-large-practice.in */ = {isa = PBXFileReference; fileEncoding = 4; lastKnownFileType = text; path = "A-large-practice.in"; sourceTree = "<group>"; };
/* End PBXFileReference section */

/* Begin PBXFrameworksBuildPhase section */
		079CAD5B1FD7074D00221A53 /* Frameworks */ = {
			isa = PBXFrameworksBuildPhase;
			buildActionMask = 2147483647;
			files = (
			);
			runOnlyForDeploymentPostprocessing = 0;
		};
/* End PBXFrameworksBuildPhase section */

/* Begin PBXGroup section */
		079CAD471FD7071F00221A53 = {
			isa = PBXGroup;
			children = (
				079CAD5F1FD7074D00221A53 /* OversizedPancakeFlipper */,
				079CAD511FD7071F00221A53 /* Products */,
			);
			sourceTree = "<group>";
		};
		079CAD511FD7071F00221A53 /* Products */ = {
			isa = PBXGroup;
			children = (
				079CAD5E1FD7074D00221A53 /* OversizedPancakeFlipper */,
			);
			name = Products;
			sourceTree = "<group>";
		};
		079CAD5F1FD7074D00221A53 /* OversizedPancakeFlipper */ = {
			isa = PBXGroup;
			children = (
				078E5E5820541C3E00BD5E1B /* OversizedPancakeFlipper.swift */,
				079CAD601FD7074D00221A53 /* main.swift */,
				079CAD671FD707AB00221A53 /* A-small-practice.in */,
				079CAD681FD707B400221A53 /* A-large-practice.in */,
			);
			path = OversizedPancakeFlipper;
			sourceTree = "<group>";
		};
/* End PBXGroup section */

/* Begin PBXNativeTarget section */
		079CAD5D1FD7074D00221A53 /* OversizedPancakeFlipper */ = {
			isa = PBXNativeTarget;
			buildConfigurationList = 079CAD621FD7074D00221A53 /* Build configuration list for PBXNativeTarget "OversizedPancakeFlipper" */;
			buildPhases = (
				079CAD5A1FD7074D00221A53 /* Sources */,
				079CAD5B1FD7074D00221A53 /* Frameworks */,
				079CAD5C1FD7074D00221A53 /* CopyFiles */,
			);
			buildRules = (
			);
			dependencies = (
			);
			name = OversizedPancakeFlipper;
			productName = OversizedPancakeFlipper;
			productReference = 079CAD5E1FD7074D00221A53 /* OversizedPancakeFlipper */;
			productType = "com.apple.product-type.tool";
		};
/* End PBXNativeTarget section */

/* Begin PBXProject section */
		079CAD481FD7071F00221A53 /* Project object */ = {
			isa = PBXProject;
			attributes = {
				LastSwiftUpdateCheck = 0910;
				LastUpgradeCheck = 0910;
				ORGANIZATIONNAME = boxjeon;
				TargetAttributes = {
					079CAD5D1FD7074D00221A53 = {
						CreatedOnToolsVersion = 9.1;
						ProvisioningStyle = Automatic;
					};
				};
			};
			buildConfigurationList = 079CAD4B1FD7071F00221A53 /* Build configuration list for PBXProject "1-qualification-round" */;
			compatibilityVersion = "Xcode 8.0";
			developmentRegion = en;
			hasScannedForEncodings = 0;
			knownRegions = (
				en,
			);
			mainGroup = 079CAD471FD7071F00221A53;
			productRefGroup = 079CAD511FD7071F00221A53 /* Products */;
			projectDirPath = "";
			projectRoot = "";
			targets = (
				079CAD5D1FD7074D00221A53 /* OversizedPancakeFlipper */,
			);
		};
/* End PBXProject section */

/* Begin PBXSourcesBuildPhase section */
		079CAD5A1FD7074D00221A53 /* Sources */ = {
			isa = PBXSourcesBuildPhase;
			buildActionMask = 2147483647;
			files = (
				078E5E5920541C3E00BD5E1B /* OversizedPancakeFlipper.swift in Sources */,
				079CAD611FD7074D00221A53 /* main.swift in Sources */,
			);
			runOnlyForDeploymentPostprocessing = 0;
		};
/* End PBXSourcesBuildPhase section */

/* Begin XCBuildConfiguration section */
		079CAD551FD7071F00221A53 /* Debug */ = {
			isa = XCBuildConfiguration;
			buildSettings = {
				ALWAYS_SEARCH_USER_PATHS = NO;
				CLANG_ANALYZER_NONNULL = YES;
				CLANG_ANALYZER_NUMBER_OBJECT_CONVERSION = YES_AGGRESSIVE;
				CLANG_CXX_LANGUAGE_STANDARD = "gnu++14";
				CLANG_CXX_LIBRARY = "libc++";
				CLANG_ENABLE_MODULES = YES;
				CLANG_ENABLE_OBJC_ARC = YES;
				CLANG_WARN_BLOCK_CAPTURE_AUTORELEASING = YES;
				CLANG_WARN_BOOL_CONVERSION = YES;
				CLANG_WARN_COMMA = YES;
				CLANG_WARN_CONSTANT_CONVERSION = YES;
				CLANG_WARN_DIRECT_OBJC_ISA_USAGE = YES_ERROR;
				CLANG_WARN_DOCUMENTATION_COMMENTS = YES;
				CLANG_WARN_EMPTY_BODY = YES;
				CLANG_WARN_ENUM_CONVERSION = YES;
				CLANG_WARN_INFINITE_RECURSION = YES;
				CLANG_WARN_INT_CONVERSION = YES;
				CLANG_WARN_NON_LITERAL_NULL_CONVERSION = YES;
				CLANG_WARN_OBJC_LITERAL_CONVERSION = YES;
				CLANG_WARN_OBJC_ROOT_CLASS = YES_ERROR;
				CLANG_WARN_RANGE_LOOP_ANALYSIS = YES;
				CLANG_WARN_STRICT_PROTOTYPES = YES;
				CLANG_WARN_SUSPICIOUS_MOVE = YES;
				CLANG_WARN_UNGUARDED_AVAILABILITY = YES_AGGRESSIVE;
				CLANG_WARN_UNREACHABLE_CODE = YES;
				CLANG_WARN__DUPLICATE_METHOD_MATCH = YES;
				CODE_SIGN_IDENTITY = "Mac Developer";
				COPY_PHASE_STRIP = NO;
				DEBUG_INFORMATION_FORMAT = dwarf;
				ENABLE_STRICT_OBJC_MSGSEND = YES;
				ENABLE_TESTABILITY = YES;
				GCC_C_LANGUAGE_STANDARD = gnu11;
				GCC_DYNAMIC_NO_PIC = NO;
				GCC_NO_COMMON_BLOCKS = YES;
				GCC_OPTIMIZATION_LEVEL = 0;
				GCC_PREPROCESSOR_DEFINITIONS = (
					"DEBUG=1",
					"$(inherited)",
				);
				GCC_WARN_64_TO_32_BIT_CONVERSION = YES;
				GCC_WARN_ABOUT_RETURN_TYPE = YES_ERROR;
				GCC_WARN_UNDECLARED_SELECTOR = YES;
				GCC_WARN_UNINITIALIZED_AUTOS = YES_AGGRESSIVE;
				GCC_WARN_UNUSED_FUNCTION = YES;
				GCC_WARN_UNUSED_VARIABLE = YES;
				MACOSX_DEPLOYMENT_TARGET = 10.13;
				MTL_ENABLE_DEBUG_INFO = YES;
				ONLY_ACTIVE_ARCH = YES;
				SDKROOT = macosx;
				SWIFT_ACTIVE_COMPILATION_CONDITIONS = DEBUG;
				SWIFT_OPTIMIZATION_LEVEL = "-Onone";
			};
			name = Debug;
		};
		079CAD561FD7071F00221A53 /* Release */ = {
			isa = XCBuildConfiguration;
			buildSettings = {
				ALWAYS_SEARCH_USER_PATHS = NO;
				CLANG_ANALYZER_NONNULL = YES;
				CLANG_ANALYZER_NUMBER_OBJECT_CONVERSION = YES_AGGRESSIVE;
				CLANG_CXX_LANGUAGE_STANDARD = "gnu++14";
				CLANG_CXX_LIBRARY = "libc++";
				CLANG_ENABLE_MODULES = YES;
				CLANG_ENABLE_OBJC_ARC = YES;
				CLANG_WARN_BLOCK_CAPTURE_AUTORELEASING = YES;
				CLANG_WARN_BOOL_CONVERSION = YES;
				CLANG_WARN_COMMA = YES;
				CLANG_WARN_CONSTANT_CONVERSION = YES;
				CLANG_WARN_DIRECT_OBJC_ISA_USAGE = YES_ERROR;
				CLANG_WARN_DOCUMENTATION_COMMENTS = YES;
				CLANG_WARN_EMPTY_BODY = YES;
				CLANG_WARN_ENUM_CONVERSION = YES;
				CLANG_WARN_INFINITE_RECURSION = YES;
				CLANG_WARN_INT_CONVERSION = YES;
				CLANG_WARN_NON_LITERAL_NULL_CONVERSION = YES;
				CLANG_WARN_OBJC_LITERAL_CONVERSION = YES;
				CLANG_WARN_OBJC_ROOT_CLASS = YES_ERROR;
				CLANG_WARN_RANGE_LOOP_ANALYSIS = YES;
				CLANG_WARN_STRICT_PROTOTYPES = YES;
				CLANG_WARN_SUSPICIOUS_MOVE = YES;
				CLANG_WARN_UNGUARDED_AVAILABILITY = YES_AGGRESSIVE;
				CLANG_WARN_UNREACHABLE_CODE = YES;
				CLANG_WARN__DUPLICATE_METHOD_MATCH = YES;
				CODE_SIGN_IDENTITY = "Mac Developer";
				COPY_PHASE_STRIP = NO;
				DEBUG_INFORMATION_FORMAT = "dwarf-with-dsym";
				ENABLE_NS_ASSERTIONS = NO;
				ENABLE_STRICT_OBJC_MSGSEND = YES;
				GCC_C_LANGUAGE_STANDARD = gnu11;
				GCC_NO_COMMON_BLOCKS = YES;
				GCC_WARN_64_TO_32_BIT_CONVERSION = YES;
				GCC_WARN_ABOUT_RETURN_TYPE = YES_ERROR;
				GCC_WARN_UNDECLARED_SELECTOR = YES;
				GCC_WARN_UNINITIALIZED_AUTOS = YES_AGGRESSIVE;
				GCC_WARN_UNUSED_FUNCTION = YES;
				GCC_WARN_UNUSED_VARIABLE = YES;
				MACOSX_DEPLOYMENT_TARGET = 10.13;
				MTL_ENABLE_DEBUG_INFO = NO;
				SDKROOT = macosx;
				SWIFT_OPTIMIZATION_LEVEL = "-Owholemodule";
			};
			name = Release;
		};
		079CAD631FD7074D00221A53 /* Debug */ = {
			isa = XCBuildConfiguration;
			buildSettings = {
				CODE_SIGN_STYLE = Automatic;
				DEVELOPMENT_TEAM = L94QTT73WH;
				PRODUCT_NAME = "$(TARGET_NAME)";
				SWIFT_VERSION = 4.0;
			};
			name = Debug;
		};
		079CAD641FD7074D00221A53 /* Release */ = {
			isa = XCBuildConfiguration;
			buildSettings = {
				CODE_SIGN_STYLE = Automatic;
				DEVELOPMENT_TEAM = L94QTT73WH;
				PRODUCT_NAME = "$(TARGET_NAME)";
				SWIFT_VERSION = 4.0;
			};
			name = Release;
		};
/* End XCBuildConfiguration section */

/* Begin XCConfigurationList section */
		079CAD4B1FD7071F00221A53 /* Build configuration list for PBXProject "1-qualification-round" */ = {
			isa = XCConfigurationList;
			buildConfigurations = (
				079CAD551FD7071F00221A53 /* Debug */,
				079CAD561FD7071F00221A53 /* Release */,
			);
			defaultConfigurationIsVisible = 0;
			defaultConfigurationName = Release;
		};
		079CAD621FD7074D00221A53 /* Build configuration list for PBXNativeTarget "OversizedPancakeFlipper" */ = {
			isa = XCConfigurationList;
			buildConfigurations = (
				079CAD631FD7074D00221A53 /* Debug */,
				079CAD641FD7074D00221A53 /* Release */,
			);
			defaultConfigurationIsVisible = 0;
			defaultConfigurationName = Release;
		};
/* End XCConfigurationList section */
	};
	rootObject = 079CAD481FD7071F00221A53 /* Project object */;
}
