// !$*UTF8*$!
{
	archiveVersion = 1;
	classes = {
	};
	objectVersion = 50;
	objects = {

/* Begin PBXBuildFile section */
		609519BC262AAFEB00BB247D /* main.swift in Sources */ = {isa = PBXBuildFile; fileRef = 609519BB262AAFEB00BB247D /* main.swift */; };
		609519C8262ADBB600BB247D /* main.swift in Sources */ = {isa = PBXBuildFile; fileRef = 609519C7262ADBB600BB247D /* main.swift */; };
		609519D5262ADE7500BB247D /* main.swift in Sources */ = {isa = PBXBuildFile; fileRef = 609519D4262ADE7500BB247D /* main.swift */; };
/* End PBXBuildFile section */

/* Begin PBXCopyFilesBuildPhase section */
		609519B7262AAFEB00BB247D /* CopyFiles */ = {
			isa = PBXCopyFilesBuildPhase;
			buildActionMask = 2147483647;
			dstPath = /usr/share/man/man1/;
			dstSubfolderSpec = 0;
			files = (
			);
			runOnlyForDeploymentPostprocessing = 1;
		};
		609519C3262ADBB600BB247D /* CopyFiles */ = {
			isa = PBXCopyFilesBuildPhase;
			buildActionMask = 2147483647;
			dstPath = /usr/share/man/man1/;
			dstSubfolderSpec = 0;
			files = (
			);
			runOnlyForDeploymentPostprocessing = 1;
		};
		609519D0262ADE7500BB247D /* CopyFiles */ = {
			isa = PBXCopyFilesBuildPhase;
			buildActionMask = 2147483647;
			dstPath = /usr/share/man/man1/;
			dstSubfolderSpec = 0;
			files = (
			);
			runOnlyForDeploymentPostprocessing = 1;
		};
/* End PBXCopyFilesBuildPhase section */

/* Begin PBXFileReference section */
		609519B9262AAFEB00BB247D /* ForegoneSolution */ = {isa = PBXFileReference; explicitFileType = "compiled.mach-o.executable"; includeInIndex = 0; path = ForegoneSolution; sourceTree = BUILT_PRODUCTS_DIR; };
		609519BB262AAFEB00BB247D /* main.swift */ = {isa = PBXFileReference; lastKnownFileType = sourcecode.swift; path = main.swift; sourceTree = "<group>"; };
		609519C5262ADBB600BB247D /* YouCanGoYourOwnWay */ = {isa = PBXFileReference; explicitFileType = "compiled.mach-o.executable"; includeInIndex = 0; path = YouCanGoYourOwnWay; sourceTree = BUILT_PRODUCTS_DIR; };
		609519C7262ADBB600BB247D /* main.swift */ = {isa = PBXFileReference; lastKnownFileType = sourcecode.swift; path = main.swift; sourceTree = "<group>"; };
		609519D2262ADE7500BB247D /* Cryptopangrams */ = {isa = PBXFileReference; explicitFileType = "compiled.mach-o.executable"; includeInIndex = 0; path = Cryptopangrams; sourceTree = BUILT_PRODUCTS_DIR; };
		609519D4262ADE7500BB247D /* main.swift */ = {isa = PBXFileReference; lastKnownFileType = sourcecode.swift; path = main.swift; sourceTree = "<group>"; };
/* End PBXFileReference section */

/* Begin PBXFrameworksBuildPhase section */
		609519B6262AAFEB00BB247D /* Frameworks */ = {
			isa = PBXFrameworksBuildPhase;
			buildActionMask = 2147483647;
			files = (
			);
			runOnlyForDeploymentPostprocessing = 0;
		};
		609519C2262ADBB600BB247D /* Frameworks */ = {
			isa = PBXFrameworksBuildPhase;
			buildActionMask = 2147483647;
			files = (
			);
			runOnlyForDeploymentPostprocessing = 0;
		};
		609519CF262ADE7500BB247D /* Frameworks */ = {
			isa = PBXFrameworksBuildPhase;
			buildActionMask = 2147483647;
			files = (
			);
			runOnlyForDeploymentPostprocessing = 0;
		};
/* End PBXFrameworksBuildPhase section */

/* Begin PBXGroup section */
		609519A1262AAFAF00BB247D = {
			isa = PBXGroup;
			children = (
				609519BA262AAFEB00BB247D /* ForegoneSolution */,
				609519C6262ADBB600BB247D /* YouCanGoYourOwnWay */,
				609519D3262ADE7500BB247D /* Cryptopangrams */,
				609519AB262AAFAF00BB247D /* Products */,
			);
			sourceTree = "<group>";
		};
		609519AB262AAFAF00BB247D /* Products */ = {
			isa = PBXGroup;
			children = (
				609519B9262AAFEB00BB247D /* ForegoneSolution */,
				609519C5262ADBB600BB247D /* YouCanGoYourOwnWay */,
				609519D2262ADE7500BB247D /* Cryptopangrams */,
			);
			name = Products;
			sourceTree = "<group>";
		};
		609519BA262AAFEB00BB247D /* ForegoneSolution */ = {
			isa = PBXGroup;
			children = (
				609519BB262AAFEB00BB247D /* main.swift */,
			);
			path = ForegoneSolution;
			sourceTree = "<group>";
		};
		609519C6262ADBB600BB247D /* YouCanGoYourOwnWay */ = {
			isa = PBXGroup;
			children = (
				609519C7262ADBB600BB247D /* main.swift */,
			);
			path = YouCanGoYourOwnWay;
			sourceTree = "<group>";
		};
		609519D3262ADE7500BB247D /* Cryptopangrams */ = {
			isa = PBXGroup;
			children = (
				609519D4262ADE7500BB247D /* main.swift */,
			);
			path = Cryptopangrams;
			sourceTree = "<group>";
		};
/* End PBXGroup section */

/* Begin PBXNativeTarget section */
		609519B8262AAFEB00BB247D /* ForegoneSolution */ = {
			isa = PBXNativeTarget;
			buildConfigurationList = 609519BD262AAFEB00BB247D /* Build configuration list for PBXNativeTarget "ForegoneSolution" */;
			buildPhases = (
				609519B5262AAFEB00BB247D /* Sources */,
				609519B6262AAFEB00BB247D /* Frameworks */,
				609519B7262AAFEB00BB247D /* CopyFiles */,
			);
			buildRules = (
			);
			dependencies = (
			);
			name = ForegoneSolution;
			productName = ForegoneSolution;
			productReference = 609519B9262AAFEB00BB247D /* ForegoneSolution */;
			productType = "com.apple.product-type.tool";
		};
		609519C4262ADBB600BB247D /* YouCanGoYourOwnWay */ = {
			isa = PBXNativeTarget;
			buildConfigurationList = 609519C9262ADBB600BB247D /* Build configuration list for PBXNativeTarget "YouCanGoYourOwnWay" */;
			buildPhases = (
				609519C1262ADBB600BB247D /* Sources */,
				609519C2262ADBB600BB247D /* Frameworks */,
				609519C3262ADBB600BB247D /* CopyFiles */,
			);
			buildRules = (
			);
			dependencies = (
			);
			name = YouCanGoYourOwnWay;
			productName = YouCanGoYourOwnWay;
			productReference = 609519C5262ADBB600BB247D /* YouCanGoYourOwnWay */;
			productType = "com.apple.product-type.tool";
		};
		609519D1262ADE7500BB247D /* Cryptopangrams */ = {
			isa = PBXNativeTarget;
			buildConfigurationList = 609519D6262ADE7500BB247D /* Build configuration list for PBXNativeTarget "Cryptopangrams" */;
			buildPhases = (
				609519CE262ADE7500BB247D /* Sources */,
				609519CF262ADE7500BB247D /* Frameworks */,
				609519D0262ADE7500BB247D /* CopyFiles */,
			);
			buildRules = (
			);
			dependencies = (
			);
			name = Cryptopangrams;
			productName = Cryptopangrams;
			productReference = 609519D2262ADE7500BB247D /* Cryptopangrams */;
			productType = "com.apple.product-type.tool";
		};
/* End PBXNativeTarget section */

/* Begin PBXProject section */
		609519A2262AAFAF00BB247D /* Project object */ = {
			isa = PBXProject;
			attributes = {
				LastSwiftUpdateCheck = 1240;
				LastUpgradeCheck = 1240;
				TargetAttributes = {
					609519B8262AAFEB00BB247D = {
						CreatedOnToolsVersion = 12.4;
					};
					609519C4262ADBB600BB247D = {
						CreatedOnToolsVersion = 12.4;
					};
					609519D1262ADE7500BB247D = {
						CreatedOnToolsVersion = 12.4;
					};
				};
			};
			buildConfigurationList = 609519A5262AAFAF00BB247D /* Build configuration list for PBXProject "QualificationRound" */;
			compatibilityVersion = "Xcode 9.3";
			developmentRegion = en;
			hasScannedForEncodings = 0;
			knownRegions = (
				en,
				Base,
			);
			mainGroup = 609519A1262AAFAF00BB247D;
			productRefGroup = 609519AB262AAFAF00BB247D /* Products */;
			projectDirPath = "";
			projectRoot = "";
			targets = (
				609519B8262AAFEB00BB247D /* ForegoneSolution */,
				609519C4262ADBB600BB247D /* YouCanGoYourOwnWay */,
				609519D1262ADE7500BB247D /* Cryptopangrams */,
			);
		};
/* End PBXProject section */

/* Begin PBXSourcesBuildPhase section */
		609519B5262AAFEB00BB247D /* Sources */ = {
			isa = PBXSourcesBuildPhase;
			buildActionMask = 2147483647;
			files = (
				609519BC262AAFEB00BB247D /* main.swift in Sources */,
			);
			runOnlyForDeploymentPostprocessing = 0;
		};
		609519C1262ADBB600BB247D /* Sources */ = {
			isa = PBXSourcesBuildPhase;
			buildActionMask = 2147483647;
			files = (
				609519C8262ADBB600BB247D /* main.swift in Sources */,
			);
			runOnlyForDeploymentPostprocessing = 0;
		};
		609519CE262ADE7500BB247D /* Sources */ = {
			isa = PBXSourcesBuildPhase;
			buildActionMask = 2147483647;
			files = (
				609519D5262ADE7500BB247D /* main.swift in Sources */,
			);
			runOnlyForDeploymentPostprocessing = 0;
		};
/* End PBXSourcesBuildPhase section */

/* Begin XCBuildConfiguration section */
		609519AF262AAFAF00BB247D /* Debug */ = {
			isa = XCBuildConfiguration;
			buildSettings = {
				ALWAYS_SEARCH_USER_PATHS = NO;
				CLANG_ANALYZER_NONNULL = YES;
				CLANG_ANALYZER_NUMBER_OBJECT_CONVERSION = YES_AGGRESSIVE;
				CLANG_CXX_LANGUAGE_STANDARD = "gnu++14";
				CLANG_CXX_LIBRARY = "libc++";
				CLANG_ENABLE_MODULES = YES;
				CLANG_ENABLE_OBJC_ARC = YES;
				CLANG_ENABLE_OBJC_WEAK = YES;
				CLANG_WARN_BLOCK_CAPTURE_AUTORELEASING = YES;
				CLANG_WARN_BOOL_CONVERSION = YES;
				CLANG_WARN_COMMA = YES;
				CLANG_WARN_CONSTANT_CONVERSION = YES;
				CLANG_WARN_DEPRECATED_OBJC_IMPLEMENTATIONS = YES;
				CLANG_WARN_DIRECT_OBJC_ISA_USAGE = YES_ERROR;
				CLANG_WARN_DOCUMENTATION_COMMENTS = YES;
				CLANG_WARN_EMPTY_BODY = YES;
				CLANG_WARN_ENUM_CONVERSION = YES;
				CLANG_WARN_INFINITE_RECURSION = YES;
				CLANG_WARN_INT_CONVERSION = YES;
				CLANG_WARN_NON_LITERAL_NULL_CONVERSION = YES;
				CLANG_WARN_OBJC_IMPLICIT_RETAIN_SELF = YES;
				CLANG_WARN_OBJC_LITERAL_CONVERSION = YES;
				CLANG_WARN_OBJC_ROOT_CLASS = YES_ERROR;
				CLANG_WARN_QUOTED_INCLUDE_IN_FRAMEWORK_HEADER = YES;
				CLANG_WARN_RANGE_LOOP_ANALYSIS = YES;
				CLANG_WARN_STRICT_PROTOTYPES = YES;
				CLANG_WARN_SUSPICIOUS_MOVE = YES;
				CLANG_WARN_UNGUARDED_AVAILABILITY = YES_AGGRESSIVE;
				CLANG_WARN_UNREACHABLE_CODE = YES;
				CLANG_WARN__DUPLICATE_METHOD_MATCH = YES;
				COPY_PHASE_STRIP = NO;
				DEBUG_INFORMATION_FORMAT = dwarf;
				ENABLE_STRICT_OBJC_MSGSEND = YES;
				ENABLE_TESTABILITY = YES;
				GCC_C_LANGUAGE_STANDARD = gnu11;
				GCC_DYNAMIC_NO_PIC = NO;
				GCC_NO_COMMON_BLOCKS = YES;
				GCC_OPTIMIZATION_LEVEL = 0;
				GCC_PREPROCESSOR_DEFINITIONS = (
					"DEBUG=1",
					"$(inherited)",
				);
				GCC_WARN_64_TO_32_BIT_CONVERSION = YES;
				GCC_WARN_ABOUT_RETURN_TYPE = YES_ERROR;
				GCC_WARN_UNDECLARED_SELECTOR = YES;
				GCC_WARN_UNINITIALIZED_AUTOS = YES_AGGRESSIVE;
				GCC_WARN_UNUSED_FUNCTION = YES;
				GCC_WARN_UNUSED_VARIABLE = YES;
				MACOSX_DEPLOYMENT_TARGET = 11.1;
				MTL_ENABLE_DEBUG_INFO = INCLUDE_SOURCE;
				MTL_FAST_MATH = YES;
				ONLY_ACTIVE_ARCH = YES;
				SDKROOT = macosx;
				SWIFT_ACTIVE_COMPILATION_CONDITIONS = DEBUG;
				SWIFT_OPTIMIZATION_LEVEL = "-Onone";
			};
			name = Debug;
		};
		609519B0262AAFAF00BB247D /* Release */ = {
			isa = XCBuildConfiguration;
			buildSettings = {
				ALWAYS_SEARCH_USER_PATHS = NO;
				CLANG_ANALYZER_NONNULL = YES;
				CLANG_ANALYZER_NUMBER_OBJECT_CONVERSION = YES_AGGRESSIVE;
				CLANG_CXX_LANGUAGE_STANDARD = "gnu++14";
				CLANG_CXX_LIBRARY = "libc++";
				CLANG_ENABLE_MODULES = YES;
				CLANG_ENABLE_OBJC_ARC = YES;
				CLANG_ENABLE_OBJC_WEAK = YES;
				CLANG_WARN_BLOCK_CAPTURE_AUTORELEASING = YES;
				CLANG_WARN_BOOL_CONVERSION = YES;
				CLANG_WARN_COMMA = YES;
				CLANG_WARN_CONSTANT_CONVERSION = YES;
				CLANG_WARN_DEPRECATED_OBJC_IMPLEMENTATIONS = YES;
				CLANG_WARN_DIRECT_OBJC_ISA_USAGE = YES_ERROR;
				CLANG_WARN_DOCUMENTATION_COMMENTS = YES;
				CLANG_WARN_EMPTY_BODY = YES;
				CLANG_WARN_ENUM_CONVERSION = YES;
				CLANG_WARN_INFINITE_RECURSION = YES;
				CLANG_WARN_INT_CONVERSION = YES;
				CLANG_WARN_NON_LITERAL_NULL_CONVERSION = YES;
				CLANG_WARN_OBJC_IMPLICIT_RETAIN_SELF = YES;
				CLANG_WARN_OBJC_LITERAL_CONVERSION = YES;
				CLANG_WARN_OBJC_ROOT_CLASS = YES_ERROR;
				CLANG_WARN_QUOTED_INCLUDE_IN_FRAMEWORK_HEADER = YES;
				CLANG_WARN_RANGE_LOOP_ANALYSIS = YES;
				CLANG_WARN_STRICT_PROTOTYPES = YES;
				CLANG_WARN_SUSPICIOUS_MOVE = YES;
				CLANG_WARN_UNGUARDED_AVAILABILITY = YES_AGGRESSIVE;
				CLANG_WARN_UNREACHABLE_CODE = YES;
				CLANG_WARN__DUPLICATE_METHOD_MATCH = YES;
				COPY_PHASE_STRIP = NO;
				DEBUG_INFORMATION_FORMAT = "dwarf-with-dsym";
				ENABLE_NS_ASSERTIONS = NO;
				ENABLE_STRICT_OBJC_MSGSEND = YES;
				GCC_C_LANGUAGE_STANDARD = gnu11;
				GCC_NO_COMMON_BLOCKS = YES;
				GCC_WARN_64_TO_32_BIT_CONVERSION = YES;
				GCC_WARN_ABOUT_RETURN_TYPE = YES_ERROR;
				GCC_WARN_UNDECLARED_SELECTOR = YES;
				GCC_WARN_UNINITIALIZED_AUTOS = YES_AGGRESSIVE;
				GCC_WARN_UNUSED_FUNCTION = YES;
				GCC_WARN_UNUSED_VARIABLE = YES;
				MACOSX_DEPLOYMENT_TARGET = 11.1;
				MTL_ENABLE_DEBUG_INFO = NO;
				MTL_FAST_MATH = YES;
				SDKROOT = macosx;
				SWIFT_COMPILATION_MODE = wholemodule;
				SWIFT_OPTIMIZATION_LEVEL = "-O";
			};
			name = Release;
		};
		609519BE262AAFEB00BB247D /* Debug */ = {
			isa = XCBuildConfiguration;
			buildSettings = {
				CODE_SIGN_STYLE = Automatic;
				PRODUCT_NAME = "$(TARGET_NAME)";
				SWIFT_VERSION = 5.0;
			};
			name = Debug;
		};
		609519BF262AAFEB00BB247D /* Release */ = {
			isa = XCBuildConfiguration;
			buildSettings = {
				CODE_SIGN_STYLE = Automatic;
				PRODUCT_NAME = "$(TARGET_NAME)";
				SWIFT_VERSION = 5.0;
			};
			name = Release;
		};
		609519CA262ADBB600BB247D /* Debug */ = {
			isa = XCBuildConfiguration;
			buildSettings = {
				CODE_SIGN_STYLE = Automatic;
				PRODUCT_NAME = "$(TARGET_NAME)";
				SWIFT_VERSION = 5.0;
			};
			name = Debug;
		};
		609519CB262ADBB600BB247D /* Release */ = {
			isa = XCBuildConfiguration;
			buildSettings = {
				CODE_SIGN_STYLE = Automatic;
				PRODUCT_NAME = "$(TARGET_NAME)";
				SWIFT_VERSION = 5.0;
			};
			name = Release;
		};
		609519D7262ADE7500BB247D /* Debug */ = {
			isa = XCBuildConfiguration;
			buildSettings = {
				CODE_SIGN_STYLE = Automatic;
				PRODUCT_NAME = "$(TARGET_NAME)";
				SWIFT_VERSION = 5.0;
			};
			name = Debug;
		};
		609519D8262ADE7500BB247D /* Release */ = {
			isa = XCBuildConfiguration;
			buildSettings = {
				CODE_SIGN_STYLE = Automatic;
				PRODUCT_NAME = "$(TARGET_NAME)";
				SWIFT_VERSION = 5.0;
			};
			name = Release;
		};
/* End XCBuildConfiguration section */

/* Begin XCConfigurationList section */
		609519A5262AAFAF00BB247D /* Build configuration list for PBXProject "QualificationRound" */ = {
			isa = XCConfigurationList;
			buildConfigurations = (
				609519AF262AAFAF00BB247D /* Debug */,
				609519B0262AAFAF00BB247D /* Release */,
			);
			defaultConfigurationIsVisible = 0;
			defaultConfigurationName = Release;
		};
		609519BD262AAFEB00BB247D /* Build configuration list for PBXNativeTarget "ForegoneSolution" */ = {
			isa = XCConfigurationList;
			buildConfigurations = (
				609519BE262AAFEB00BB247D /* Debug */,
				609519BF262AAFEB00BB247D /* Release */,
			);
			defaultConfigurationIsVisible = 0;
			defaultConfigurationName = Release;
		};
		609519C9262ADBB600BB247D /* Build configuration list for PBXNativeTarget "YouCanGoYourOwnWay" */ = {
			isa = XCConfigurationList;
			buildConfigurations = (
				609519CA262ADBB600BB247D /* Debug */,
				609519CB262ADBB600BB247D /* Release */,
			);
			defaultConfigurationIsVisible = 0;
			defaultConfigurationName = Release;
		};
		609519D6262ADE7500BB247D /* Build configuration list for PBXNativeTarget "Cryptopangrams" */ = {
			isa = XCConfigurationList;
			buildConfigurations = (
				609519D7262ADE7500BB247D /* Debug */,
				609519D8262ADE7500BB247D /* Release */,
			);
			defaultConfigurationIsVisible = 0;
			defaultConfigurationName = Release;
		};
/* End XCConfigurationList section */
	};
	rootObject = 609519A2262AAFAF00BB247D /* Project object */;
}
